lockfileVersion: '9.0'

settings:
  autoInstallPeers: true
  excludeLinksFromLockfile: false

importers:

  .:
    dependencies:
      '@rspack/core':
        specifier: ^1.0.0-rc.0
        version: 1.0.0-rc.0

packages:

  '@module-federation/runtime-tools@0.5.1':
    resolution: {integrity: sha512-nfBedkoZ3/SWyO0hnmaxuz0R0iGPSikHZOAZ0N/dVSQaIzlffUo35B5nlC2wgWIc0JdMZfkwkjZRrnuuDIJbzg==}

  '@module-federation/runtime@0.5.1':
    resolution: {integrity: sha512-xgiMUWwGLWDrvZc9JibuEbXIbhXg6z2oUkemogSvQ4LKvrl/n0kbqP1Blk669mXzyWbqtSp6PpvNdwaE1aN5xQ==}

  '@module-federation/sdk@0.5.1':
    resolution: {integrity: sha512-exvchtjNURJJkpqjQ3/opdbfeT2wPKvrbnGnyRkrwW5o3FH1LaST1tkiNviT6OXTexGaVc2DahbdniQHVtQ7pA==}

  '@module-federation/webpack-bundler-runtime@0.5.1':
    resolution: {integrity: sha512-mMhRFH0k2VjwHt3Jol9JkUsmI/4XlrAoBG3E0o7HoyoPYv1UFOWyqAflfANcUPgbYpvqmyLzDcO+3IT36LXnrA==}

  '@rspack/binding-darwin-arm64@1.0.0-rc.0':
    resolution: {integrity: sha512-4S/+q8HN69ErWUjGDePExqiNuKIEGYKEoT+91+Wz55jQV4NY1mNGRojKVKjZkz7MvbPEZ1howtpDcHuUE2+QhQ==}
    cpu: [arm64]
    os: [darwin]

  '@rspack/binding-darwin-x64@1.0.0-rc.0':
    resolution: {integrity: sha512-IN96SG6yRz4JwlzuNrhdApEg4J2UI9S8uD38vrJvH9TOO/Dv1puL82EpqTYBZYfbaddZsiZG9+5LNnsU9OEXJg==}
    cpu: [x64]
    os: [darwin]

  '@rspack/binding-linux-arm64-gnu@1.0.0-rc.0':
    resolution: {integrity: sha512-gqURooSNYGlwvgLE1xu8rz68E4Mfa2MONGTNMkre5aIYX2ZOd/MKGaB/R062Oj/78BIHmIGWcoz5GnBxBwToyw==}
    cpu: [arm64]
    os: [linux]

  '@rspack/binding-linux-arm64-musl@1.0.0-rc.0':
    resolution: {integrity: sha512-302IJXw7F4YpHUEVJA2bkzlNfYp26jKXIddHpG4A3diw0/+5w1C4eDGrC9kuq642kFtu4nwP/8rjP0090/Orxw==}
    cpu: [arm64]
    os: [linux]

  '@rspack/binding-linux-x64-gnu@1.0.0-rc.0':
    resolution: {integrity: sha512-VsHzd7iAwZA3j48PSj9beKva9wqde1BP2K3AF0aZe7amQoatG57YZtiOthZSWyDlwEm7VCuE6/4Jgf8vOQJX2g==}
    cpu: [x64]
    os: [linux]

  '@rspack/binding-linux-x64-musl@1.0.0-rc.0':
    resolution: {integrity: sha512-M6/SC33xWdlV2pmR3O3MrhfBZBpicMCl+GrJ0MXFb9ziC7auuuLfMmfqMakorphfL2yOOwSfcfZF8V2iiYoENw==}
    cpu: [x64]
    os: [linux]

  '@rspack/binding-win32-arm64-msvc@1.0.0-rc.0':
    resolution: {integrity: sha512-ob510ObXoIBAMjPE8iBwvhWQ8Hd4v7bJSgImUBhSGExYI+z8b/gl8tNg8y1fttLtNO8j05rj9QFsGcZmv89Zsg==}
    cpu: [arm64]
    os: [win32]

  '@rspack/binding-win32-ia32-msvc@1.0.0-rc.0':
    resolution: {integrity: sha512-1A+3JorREQJqBcTLEY0LhGMb5B3Qlz/LmRr3K+gNBZinscZU+DKiDnZkSGdn8FuCn40E39T8V4i73mxQCqVuvQ==}
    cpu: [ia32]
    os: [win32]

  '@rspack/binding-win32-x64-msvc@1.0.0-rc.0':
    resolution: {integrity: sha512-t6E4t668CvP+DqNDluYJMivrDtFZ0iQhUYxXd0UUhDSwXKTbGW2tOwBXGaZ3gzj9OpqWCUVJ3pqP11KiBckorw==}
    cpu: [x64]
    os: [win32]

  '@rspack/binding@1.0.0-rc.0':
    resolution: {integrity: sha512-mx0x4ho0ndHpOnSjAEOoQZohTqJLYOl4hLEvQLEnXIPTdMjZtpiLUyuyKtzv6DrXDV5La3bsZuzbcdMyqkSWpg==}

  '@rspack/core@1.0.0-rc.0':
    resolution: {integrity: sha512-sxS6QfVm7FbuKIYai8CyxMv5WH3MVdQmowVEqIZ/Fa8+PX17/sO5dg8tAFYAEzpCe/4dC93eYh9APr3Vc4ditQ==}
    engines: {node: '>=16.0.0'}
    peerDependencies:
      '@swc/helpers': '>=0.5.1'
    peerDependenciesMeta:
      '@swc/helpers':
        optional: true

  '@rspack/lite-tapable@1.0.0':
    resolution: {integrity: sha512-7MZf4lburSUZoEenwazwUDKHhqyfnLCGnQ/tKcUtztfmVzfjZfRn/EaiT0AKkYGnL2U8AGsw89oUeVyvaOLVCw==}
    engines: {node: '>=16.0.0'}

  caniuse-lite@1.0.30001651:
    resolution: {integrity: sha512-9Cf+Xv1jJNe1xPZLGuUXLNkE1BoDkqRqYyFJ9TDYSqhduqA4hu4oR9HluGoWYQC/aj8WHjsGVV+bwkh0+tegRg==}

snapshots:

  '@module-federation/runtime-tools@0.5.1':
    dependencies:
      '@module-federation/runtime': 0.5.1
      '@module-federation/webpack-bundler-runtime': 0.5.1

  '@module-federation/runtime@0.5.1':
    dependencies:
      '@module-federation/sdk': 0.5.1

  '@module-federation/sdk@0.5.1': {}

  '@module-federation/webpack-bundler-runtime@0.5.1':
    dependencies:
      '@module-federation/runtime': 0.5.1
      '@module-federation/sdk': 0.5.1

  '@rspack/binding-darwin-arm64@1.0.0-rc.0':
    optional: true

  '@rspack/binding-darwin-x64@1.0.0-rc.0':
    optional: true

  '@rspack/binding-linux-arm64-gnu@1.0.0-rc.0':
    optional: true

  '@rspack/binding-linux-arm64-musl@1.0.0-rc.0':
    optional: true

  '@rspack/binding-linux-x64-gnu@1.0.0-rc.0':
    optional: true

  '@rspack/binding-linux-x64-musl@1.0.0-rc.0':
    optional: true

  '@rspack/binding-win32-arm64-msvc@1.0.0-rc.0':
    optional: true

  '@rspack/binding-win32-ia32-msvc@1.0.0-rc.0':
    optional: true

  '@rspack/binding-win32-x64-msvc@1.0.0-rc.0':
    optional: true

  '@rspack/binding@1.0.0-rc.0':
    optionalDependencies:
      '@rspack/binding-darwin-arm64': 1.0.0-rc.0
      '@rspack/binding-darwin-x64': 1.0.0-rc.0
      '@rspack/binding-linux-arm64-gnu': 1.0.0-rc.0
      '@rspack/binding-linux-arm64-musl': 1.0.0-rc.0
      '@rspack/binding-linux-x64-gnu': 1.0.0-rc.0
      '@rspack/binding-linux-x64-musl': 1.0.0-rc.0
      '@rspack/binding-win32-arm64-msvc': 1.0.0-rc.0
      '@rspack/binding-win32-ia32-msvc': 1.0.0-rc.0
      '@rspack/binding-win32-x64-msvc': 1.0.0-rc.0

  '@rspack/core@1.0.0-rc.0':
    dependencies:
      '@module-federation/runtime-tools': 0.5.1
      '@rspack/binding': 1.0.0-rc.0
      '@rspack/lite-tapable': 1.0.0
      caniuse-lite: 1.0.30001651

  '@rspack/lite-tapable@1.0.0': {}

  caniuse-lite@1.0.30001651: {}
